
Microsoft Visual Studio Solution File, Format Version 12.00
# Visual Studio Version 17
VisualStudioVersion = 17.14.37012.4 d17.14
MinimumVisualStudioVersion = 10.0.40219.1
Project("{54A90642-561A-4BB1-A94E-469ADEE60C69}") = "inventariofe", "InventarioFE\inventariofe.esproj", "{71E406FF-BA5B-6D73-028B-ACDD5CC7503E}"
EndProject
Global
	GlobalSection(SolutionConfigurationPlatforms) = preSolution
		Debug|Any CPU = Debug|Any CPU
		Release|Any CPU = Release|Any CPU
	EndGlobalSection
	GlobalSection(ProjectConfigurationPlatforms) = postSolution
		{71E406FF-BA5B-6D73-028B-ACDD5CC7503E}.Debug|Any CPU.ActiveCfg = Debug|Any CPU
		{71E406FF-BA5B-6D73-028B-ACDD5CC7503E}.Debug|Any CPU.Build.0 = Debug|Any CPU
		{71E406FF-BA5B-6D73-028B-ACDD5CC7503E}.Debug|Any CPU.Deploy.0 = Debug|Any CPU
		{71E406FF-BA5B-6D73-028B-ACDD5CC7503E}.Release|Any CPU.ActiveCfg = Release|Any CPU
		{71E406FF-BA5B-6D73-028B-ACDD5CC7503E}.Release|Any CPU.Build.0 = Release|Any CPU
		{71E406FF-BA5B-6D73-028B-ACDD5CC7503E}.Release|Any CPU.Deploy.0 = Release|Any CPU
	EndGlobalSection
	GlobalSection(SolutionProperties) = preSolution
		HideSolutionNode = FALSE
	EndGlobalSection
	GlobalSection(ExtensibilityGlobals) = postSolution
		SolutionGuid = {63465E47-4BF8-4A4D-82C9-F5764333313F}
	EndGlobalSection
EndGlobal
